PODS:
  - GoogleAPIClient/Core (1.0.5):
    - GTMSessionFetcher (~> 1.1)
  - GoogleAPIClient/Drive (1.0.5):
    - GoogleAPIClient/Core
    - GTMSessionFetcher (~> 1.1)
  - GTMOAuth2 (1.1.4):
    - GTMSessionFetcher (~> 1.1)
  - GTMSessionFetcher (1.1.7):
    - GTMSessionFetcher/Full (= 1.1.7)
  - GTMSessionFetcher/Core (1.1.7)
  - GTMSessionFetcher/Full (1.1.7):
    - GTMSessionFetcher/Core (= 1.1.7)
  - NeroBlu (2.0.1)
  - SVProgressHUD (2.0.4)

DEPENDENCIES:
  - GoogleAPIClient/Drive (~> 1.0.2)
  - GTMOAuth2 (~> 1.1.0)
  - NeroBlu (from `https://github.com/nakau1/NeroBlu`)
  - SVProgressHUD

EXTERNAL SOURCES:
  NeroBlu:
    :git: https://github.com/nakau1/NeroBlu

CHECKOUT OPTIONS:
  NeroBlu:
    :commit: 5df6ce0cfea19fc5a40a4a9174197aab4707a129
    :git: https://github.com/nakau1/NeroBlu

SPEC CHECKSUMS:
  GoogleAPIClient: 4a6b0b807de8b1115a2835180b25dd93dc60f1ea
  GTMOAuth2: 7fc9c10f5c745f4d9850419ea88889fe3baa6b7d
  GTMSessionFetcher: a1f8ed39e4fe21c68957daed472c7afbcdf29166
  NeroBlu: 74c472220dd644f71c69aa3841eeeba9ce398014
  SVProgressHUD: bfde85ed6c573ea802b9cb37894ed9b629034f1b

PODFILE CHECKSUM: 92c5e89e6c051bba70644fb2f653f6bcae5a5295

COCOAPODS: 1.2.0.beta.1
