// !$*UTF8*$!
{
	archiveVersion = 1;
	classes = {
	};
	objectVersion = 46;
	objects = {

/* Begin PBXBuildFile section */
		CC5EED372857EB485DFF94DD /* Pods_IconMakeIt.framework in Frameworks */ = {isa = PBXBuildFile; fileRef = D026652D528C4A44F5C67DB0 /* Pods_IconMakeIt.framework */; };
		DBA3A2A41E4AAD990016F8E1 /* ColorPicker.storyboard in Resources */ = {isa = PBXBuildFile; fileRef = DBA3A2901E4AAD980016F8E1 /* ColorPicker.storyboard */; };
		DBA3A2A51E4AAD990016F8E1 /* ColorPickerViewController.swift in Sources */ = {isa = PBXBuildFile; fileRef = DBA3A2911E4AAD980016F8E1 /* ColorPickerViewController.swift */; };
		DBA3A2A61E4AAD990016F8E1 /* Detail.storyboard in Resources */ = {isa = PBXBuildFile; fileRef = DBA3A2931E4AAD980016F8E1 /* Detail.storyboard */; };
		DBA3A2A71E4AAD990016F8E1 /* DetailViewController.swift in Sources */ = {isa = PBXBuildFile; fileRef = DBA3A2941E4AAD980016F8E1 /* DetailViewController.swift */; };
		DBA3A2A81E4AAD990016F8E1 /* FixesSetting.storyboard in Resources */ = {isa = PBXBuildFile; fileRef = DBA3A2961E4AAD980016F8E1 /* FixesSetting.storyboard */; };
		DBA3A2A91E4AAD990016F8E1 /* FixesSettingViewController.swift in Sources */ = {isa = PBXBuildFile; fileRef = DBA3A2971E4AAD980016F8E1 /* FixesSettingViewController.swift */; };
		DBA3A2AA1E4AAD990016F8E1 /* GoogleDrive.storyboard in Resources */ = {isa = PBXBuildFile; fileRef = DBA3A2991E4AAD980016F8E1 /* GoogleDrive.storyboard */; };
		DBA3A2AB1E4AAD990016F8E1 /* GoogleDriveViewController.swift in Sources */ = {isa = PBXBuildFile; fileRef = DBA3A29A1E4AAD990016F8E1 /* GoogleDriveViewController.swift */; };
		DBA3A2AC1E4AAD990016F8E1 /* Setting.storyboard in Resources */ = {isa = PBXBuildFile; fileRef = DBA3A29C1E4AAD990016F8E1 /* Setting.storyboard */; };
		DBA3A2AD1E4AAD990016F8E1 /* SettingViewController.swift in Sources */ = {isa = PBXBuildFile; fileRef = DBA3A29D1E4AAD990016F8E1 /* SettingViewController.swift */; };
		DBA3A2AE1E4AAD990016F8E1 /* Tutorial.storyboard in Resources */ = {isa = PBXBuildFile; fileRef = DBA3A29F1E4AAD990016F8E1 /* Tutorial.storyboard */; };
		DBA3A2AF1E4AAD990016F8E1 /* TutorialViewController.swift in Sources */ = {isa = PBXBuildFile; fileRef = DBA3A2A01E4AAD990016F8E1 /* TutorialViewController.swift */; };
		DBA3A2B01E4AAD990016F8E1 /* Web.storyboard in Resources */ = {isa = PBXBuildFile; fileRef = DBA3A2A21E4AAD990016F8E1 /* Web.storyboard */; };
		DBA3A2B11E4AAD990016F8E1 /* WebViewController.swift in Sources */ = {isa = PBXBuildFile; fileRef = DBA3A2A31E4AAD990016F8E1 /* WebViewController.swift */; };
		DBA3A2CE1E4AB0BB0016F8E1 /* GoogleAPI.swift in Sources */ = {isa = PBXBuildFile; fileRef = DBA3A2C41E4AB0BB0016F8E1 /* GoogleAPI.swift */; };
		DBA3A2CF1E4AB0BB0016F8E1 /* GoogleDrive.swift in Sources */ = {isa = PBXBuildFile; fileRef = DBA3A2C51E4AB0BB0016F8E1 /* GoogleDrive.swift */; };
		DBA3A2D01E4AB0BB0016F8E1 /* IconFontSetGoogleMaterialDesign.swift in Sources */ = {isa = PBXBuildFile; fileRef = DBA3A2C71E4AB0BB0016F8E1 /* IconFontSetGoogleMaterialDesign.swift */; };
		DBA3A2D11E4AB0BB0016F8E1 /* IconFont.swift in Sources */ = {isa = PBXBuildFile; fileRef = DBA3A2C91E4AB0BB0016F8E1 /* IconFont.swift */; };
		DBA3A2D21E4AB0BB0016F8E1 /* Hud.swift in Sources */ = {isa = PBXBuildFile; fileRef = DBA3A2CB1E4AB0BB0016F8E1 /* Hud.swift */; };
		DBA3A2D31E4AB0BB0016F8E1 /* SliderView.swift in Sources */ = {isa = PBXBuildFile; fileRef = DBA3A2CD1E4AB0BB0016F8E1 /* SliderView.swift */; };
		DBA97A261E4A90FD007CEED9 /* Main.storyboard in Resources */ = {isa = PBXBuildFile; fileRef = DBA97A241E4A90FD007CEED9 /* Main.storyboard */; };
		DBA97A281E4A90FD007CEED9 /* Assets.xcassets in Resources */ = {isa = PBXBuildFile; fileRef = DBA97A271E4A90FD007CEED9 /* Assets.xcassets */; };
		DBA97A2B1E4A90FD007CEED9 /* LaunchScreen.storyboard in Resources */ = {isa = PBXBuildFile; fileRef = DBA97A291E4A90FD007CEED9 /* LaunchScreen.storyboard */; };
		DBA97A3F1E4A94E6007CEED9 /* App.swift in Sources */ = {isa = PBXBuildFile; fileRef = DBA97A331E4A94E6007CEED9 /* App.swift */; };
		DBA97A401E4A94E6007CEED9 /* AppDelegate.swift in Sources */ = {isa = PBXBuildFile; fileRef = DBA97A341E4A94E6007CEED9 /* AppDelegate.swift */; };
		DBA97A411E4A94E6007CEED9 /* BootstrapViewController.swift in Sources */ = {isa = PBXBuildFile; fileRef = DBA97A351E4A94E6007CEED9 /* BootstrapViewController.swift */; };
		DBA97A421E4A94E6007CEED9 /* List.storyboard in Resources */ = {isa = PBXBuildFile; fileRef = DBA97A381E4A94E6007CEED9 /* List.storyboard */; };
		DBA97A431E4A94E6007CEED9 /* ListViewController.swift in Sources */ = {isa = PBXBuildFile; fileRef = DBA97A391E4A94E6007CEED9 /* ListViewController.swift */; };
/* End PBXBuildFile section */

/* Begin PBXFileReference section */
		B1D857A2968FECAD336B0F02 /* Pods-IconMakeIt.debug.xcconfig */ = {isa = PBXFileReference; includeInIndex = 1; lastKnownFileType = text.xcconfig; name = "Pods-IconMakeIt.debug.xcconfig"; path = "Pods/Target Support Files/Pods-IconMakeIt/Pods-IconMakeIt.debug.xcconfig"; sourceTree = "<group>"; };
		D026652D528C4A44F5C67DB0 /* Pods_IconMakeIt.framework */ = {isa = PBXFileReference; explicitFileType = wrapper.framework; includeInIndex = 0; path = Pods_IconMakeIt.framework; sourceTree = BUILT_PRODUCTS_DIR; };
		D3EA529A903E0FBE5B749005 /* Pods-IconMakeIt.release.xcconfig */ = {isa = PBXFileReference; includeInIndex = 1; lastKnownFileType = text.xcconfig; name = "Pods-IconMakeIt.release.xcconfig"; path = "Pods/Target Support Files/Pods-IconMakeIt/Pods-IconMakeIt.release.xcconfig"; sourceTree = "<group>"; };
		DBA3A2901E4AAD980016F8E1 /* ColorPicker.storyboard */ = {isa = PBXFileReference; fileEncoding = 4; lastKnownFileType = file.storyboard; path = ColorPicker.storyboard; sourceTree = "<group>"; };
		DBA3A2911E4AAD980016F8E1 /* ColorPickerViewController.swift */ = {isa = PBXFileReference; fileEncoding = 4; lastKnownFileType = sourcecode.swift; path = ColorPickerViewController.swift; sourceTree = "<group>"; };
		DBA3A2931E4AAD980016F8E1 /* Detail.storyboard */ = {isa = PBXFileReference; fileEncoding = 4; lastKnownFileType = file.storyboard; path = Detail.storyboard; sourceTree = "<group>"; };
		DBA3A2941E4AAD980016F8E1 /* DetailViewController.swift */ = {isa = PBXFileReference; fileEncoding = 4; lastKnownFileType = sourcecode.swift; path = DetailViewController.swift; sourceTree = "<group>"; };
		DBA3A2961E4AAD980016F8E1 /* FixesSetting.storyboard */ = {isa = PBXFileReference; fileEncoding = 4; lastKnownFileType = file.storyboard; path = FixesSetting.storyboard; sourceTree = "<group>"; };
		DBA3A2971E4AAD980016F8E1 /* FixesSettingViewController.swift */ = {isa = PBXFileReference; fileEncoding = 4; lastKnownFileType = sourcecode.swift; path = FixesSettingViewController.swift; sourceTree = "<group>"; };
		DBA3A2991E4AAD980016F8E1 /* GoogleDrive.storyboard */ = {isa = PBXFileReference; fileEncoding = 4; lastKnownFileType = file.storyboard; path = GoogleDrive.storyboard; sourceTree = "<group>"; };
		DBA3A29A1E4AAD990016F8E1 /* GoogleDriveViewController.swift */ = {isa = PBXFileReference; fileEncoding = 4; lastKnownFileType = sourcecode.swift; path = GoogleDriveViewController.swift; sourceTree = "<group>"; };
		DBA3A29C1E4AAD990016F8E1 /* Setting.storyboard */ = {isa = PBXFileReference; fileEncoding = 4; lastKnownFileType = file.storyboard; path = Setting.storyboard; sourceTree = "<group>"; };
		DBA3A29D1E4AAD990016F8E1 /* SettingViewController.swift */ = {isa = PBXFileReference; fileEncoding = 4; lastKnownFileType = sourcecode.swift; path = SettingViewController.swift; sourceTree = "<group>"; };
		DBA3A29F1E4AAD990016F8E1 /* Tutorial.storyboard */ = {isa = PBXFileReference; fileEncoding = 4; lastKnownFileType = file.storyboard; path = Tutorial.storyboard; sourceTree = "<group>"; };
		DBA3A2A01E4AAD990016F8E1 /* TutorialViewController.swift */ = {isa = PBXFileReference; fileEncoding = 4; lastKnownFileType = sourcecode.swift; path = TutorialViewController.swift; sourceTree = "<group>"; };
		DBA3A2A21E4AAD990016F8E1 /* Web.storyboard */ = {isa = PBXFileReference; fileEncoding = 4; lastKnownFileType = file.storyboard; path = Web.storyboard; sourceTree = "<group>"; };
		DBA3A2A31E4AAD990016F8E1 /* WebViewController.swift */ = {isa = PBXFileReference; fileEncoding = 4; lastKnownFileType = sourcecode.swift; path = WebViewController.swift; sourceTree = "<group>"; };
		DBA3A2C41E4AB0BB0016F8E1 /* GoogleAPI.swift */ = {isa = PBXFileReference; fileEncoding = 4; lastKnownFileType = sourcecode.swift; path = GoogleAPI.swift; sourceTree = "<group>"; };
		DBA3A2C51E4AB0BB0016F8E1 /* GoogleDrive.swift */ = {isa = PBXFileReference; fileEncoding = 4; lastKnownFileType = sourcecode.swift; path = GoogleDrive.swift; sourceTree = "<group>"; };
		DBA3A2C71E4AB0BB0016F8E1 /* IconFontSetGoogleMaterialDesign.swift */ = {isa = PBXFileReference; fileEncoding = 4; lastKnownFileType = sourcecode.swift; path = IconFontSetGoogleMaterialDesign.swift; sourceTree = "<group>"; };
		DBA3A2C91E4AB0BB0016F8E1 /* IconFont.swift */ = {isa = PBXFileReference; fileEncoding = 4; lastKnownFileType = sourcecode.swift; path = IconFont.swift; sourceTree = "<group>"; };
		DBA3A2CB1E4AB0BB0016F8E1 /* Hud.swift */ = {isa = PBXFileReference; fileEncoding = 4; lastKnownFileType = sourcecode.swift; path = Hud.swift; sourceTree = "<group>"; };
		DBA3A2CD1E4AB0BB0016F8E1 /* SliderView.swift */ = {isa = PBXFileReference; fileEncoding = 4; lastKnownFileType = sourcecode.swift; path = SliderView.swift; sourceTree = "<group>"; };
		DBA97A1D1E4A90FD007CEED9 /* IconMakeIt.app */ = {isa = PBXFileReference; explicitFileType = wrapper.application; includeInIndex = 0; path = IconMakeIt.app; sourceTree = BUILT_PRODUCTS_DIR; };
		DBA97A251E4A90FD007CEED9 /* Base */ = {isa = PBXFileReference; lastKnownFileType = file.storyboard; name = Base; path = Base.lproj/Main.storyboard; sourceTree = "<group>"; };
		DBA97A271E4A90FD007CEED9 /* Assets.xcassets */ = {isa = PBXFileReference; lastKnownFileType = folder.assetcatalog; path = Assets.xcassets; sourceTree = "<group>"; };
		DBA97A2A1E4A90FD007CEED9 /* Base */ = {isa = PBXFileReference; lastKnownFileType = file.storyboard; name = Base; path = Base.lproj/LaunchScreen.storyboard; sourceTree = "<group>"; };
		DBA97A2C1E4A90FD007CEED9 /* Info.plist */ = {isa = PBXFileReference; lastKnownFileType = text.plist.xml; path = Info.plist; sourceTree = "<group>"; };
		DBA97A331E4A94E6007CEED9 /* App.swift */ = {isa = PBXFileReference; fileEncoding = 4; lastKnownFileType = sourcecode.swift; path = App.swift; sourceTree = "<group>"; };
		DBA97A341E4A94E6007CEED9 /* AppDelegate.swift */ = {isa = PBXFileReference; fileEncoding = 4; lastKnownFileType = sourcecode.swift; path = AppDelegate.swift; sourceTree = "<group>"; };
		DBA97A351E4A94E6007CEED9 /* BootstrapViewController.swift */ = {isa = PBXFileReference; fileEncoding = 4; lastKnownFileType = sourcecode.swift; path = BootstrapViewController.swift; sourceTree = "<group>"; };
		DBA97A381E4A94E6007CEED9 /* List.storyboard */ = {isa = PBXFileReference; fileEncoding = 4; lastKnownFileType = file.storyboard; path = List.storyboard; sourceTree = "<group>"; };
		DBA97A391E4A94E6007CEED9 /* ListViewController.swift */ = {isa = PBXFileReference; fileEncoding = 4; lastKnownFileType = sourcecode.swift; path = ListViewController.swift; sourceTree = "<group>"; };
/* End PBXFileReference section */

/* Begin PBXFrameworksBuildPhase section */
		DBA97A1A1E4A90FC007CEED9 /* Frameworks */ = {
			isa = PBXFrameworksBuildPhase;
			buildActionMask = 2147483647;
			files = (
				CC5EED372857EB485DFF94DD /* Pods_IconMakeIt.framework in Frameworks */,
			);
			runOnlyForDeploymentPostprocessing = 0;
		};
/* End PBXFrameworksBuildPhase section */

/* Begin PBXGroup section */
		85C19F0D9A0C2D4C5C4DDDCD /* Pods */ = {
			isa = PBXGroup;
			children = (
				B1D857A2968FECAD336B0F02 /* Pods-IconMakeIt.debug.xcconfig */,
				D3EA529A903E0FBE5B749005 /* Pods-IconMakeIt.release.xcconfig */,
			);
			name = Pods;
			sourceTree = "<group>";
		};
		9179796BF74D0D0E3558E605 /* Frameworks */ = {
			isa = PBXGroup;
			children = (
				D026652D528C4A44F5C67DB0 /* Pods_IconMakeIt.framework */,
			);
			name = Frameworks;
			sourceTree = "<group>";
		};
		DBA3A28F1E4AAD980016F8E1 /* ColorPicker */ = {
			isa = PBXGroup;
			children = (
				DBA3A2901E4AAD980016F8E1 /* ColorPicker.storyboard */,
				DBA3A2911E4AAD980016F8E1 /* ColorPickerViewController.swift */,
			);
			path = ColorPicker;
			sourceTree = "<group>";
		};
		DBA3A2921E4AAD980016F8E1 /* Detail */ = {
			isa = PBXGroup;
			children = (
				DBA3A2931E4AAD980016F8E1 /* Detail.storyboard */,
				DBA3A2941E4AAD980016F8E1 /* DetailViewController.swift */,
			);
			path = Detail;
			sourceTree = "<group>";
		};
		DBA3A2951E4AAD980016F8E1 /* FixesSetting */ = {
			isa = PBXGroup;
			children = (
				DBA3A2961E4AAD980016F8E1 /* FixesSetting.storyboard */,
				DBA3A2971E4AAD980016F8E1 /* FixesSettingViewController.swift */,
			);
			path = FixesSetting;
			sourceTree = "<group>";
		};
		DBA3A2981E4AAD980016F8E1 /* GoogleDrive */ = {
			isa = PBXGroup;
			children = (
				DBA3A2991E4AAD980016F8E1 /* GoogleDrive.storyboard */,
				DBA3A29A1E4AAD990016F8E1 /* GoogleDriveViewController.swift */,
			);
			path = GoogleDrive;
			sourceTree = "<group>";
		};
		DBA3A29B1E4AAD990016F8E1 /* Setting */ = {
			isa = PBXGroup;
			children = (
				DBA3A29C1E4AAD990016F8E1 /* Setting.storyboard */,
				DBA3A29D1E4AAD990016F8E1 /* SettingViewController.swift */,
			);
			path = Setting;
			sourceTree = "<group>";
		};
		DBA3A29E1E4AAD990016F8E1 /* Tutorial */ = {
			isa = PBXGroup;
			children = (
				DBA3A29F1E4AAD990016F8E1 /* Tutorial.storyboard */,
				DBA3A2A01E4AAD990016F8E1 /* TutorialViewController.swift */,
			);
			path = Tutorial;
			sourceTree = "<group>";
		};
		DBA3A2A11E4AAD990016F8E1 /* Web */ = {
			isa = PBXGroup;
			children = (
				DBA3A2A21E4AAD990016F8E1 /* Web.storyboard */,
				DBA3A2A31E4AAD990016F8E1 /* WebViewController.swift */,
			);
			path = Web;
			sourceTree = "<group>";
		};
		DBA3A2C31E4AB0BB0016F8E1 /* GoogleDrive */ = {
			isa = PBXGroup;
			children = (
				DBA3A2C41E4AB0BB0016F8E1 /* GoogleAPI.swift */,
				DBA3A2C51E4AB0BB0016F8E1 /* GoogleDrive.swift */,
			);
			path = GoogleDrive;
			sourceTree = "<group>";
		};
		DBA3A2C61E4AB0BB0016F8E1 /* Icons */ = {
			isa = PBXGroup;
			children = (
				DBA3A2C71E4AB0BB0016F8E1 /* IconFontSetGoogleMaterialDesign.swift */,
			);
			path = Icons;
			sourceTree = "<group>";
		};
		DBA3A2C81E4AB0BB0016F8E1 /* Models */ = {
			isa = PBXGroup;
			children = (
				DBA3A2C91E4AB0BB0016F8E1 /* IconFont.swift */,
			);
			path = Models;
			sourceTree = "<group>";
		};
		DBA3A2CA1E4AB0BB0016F8E1 /* Utils */ = {
			isa = PBXGroup;
			children = (
				DBA3A2CB1E4AB0BB0016F8E1 /* Hud.swift */,
			);
			path = Utils;
			sourceTree = "<group>";
		};
		DBA3A2CC1E4AB0BB0016F8E1 /* Widgets */ = {
			isa = PBXGroup;
			children = (
				DBA3A2CD1E4AB0BB0016F8E1 /* SliderView.swift */,
			);
			path = Widgets;
			sourceTree = "<group>";
		};
		DBA97A141E4A90FC007CEED9 = {
			isa = PBXGroup;
			children = (
				DBA97A321E4A94E6007CEED9 /* Classes */,
				DBA97A1F1E4A90FD007CEED9 /* IconMakeIt */,
				DBA97A1E1E4A90FD007CEED9 /* Products */,
				85C19F0D9A0C2D4C5C4DDDCD /* Pods */,
				9179796BF74D0D0E3558E605 /* Frameworks */,
			);
			sourceTree = "<group>";
		};
		DBA97A1E1E4A90FD007CEED9 /* Products */ = {
			isa = PBXGroup;
			children = (
				DBA97A1D1E4A90FD007CEED9 /* IconMakeIt.app */,
			);
			name = Products;
			sourceTree = "<group>";
		};
		DBA97A1F1E4A90FD007CEED9 /* IconMakeIt */ = {
			isa = PBXGroup;
			children = (
				DBA97A241E4A90FD007CEED9 /* Main.storyboard */,
				DBA97A271E4A90FD007CEED9 /* Assets.xcassets */,
				DBA97A291E4A90FD007CEED9 /* LaunchScreen.storyboard */,
				DBA97A2C1E4A90FD007CEED9 /* Info.plist */,
			);
			path = IconMakeIt;
			sourceTree = "<group>";
		};
		DBA97A321E4A94E6007CEED9 /* Classes */ = {
			isa = PBXGroup;
			children = (
				DBA97A331E4A94E6007CEED9 /* App.swift */,
				DBA97A341E4A94E6007CEED9 /* AppDelegate.swift */,
				DBA97A351E4A94E6007CEED9 /* BootstrapViewController.swift */,
				DBA97A361E4A94E6007CEED9 /* Controllers */,
				DBA3A2C31E4AB0BB0016F8E1 /* GoogleDrive */,
				DBA3A2C61E4AB0BB0016F8E1 /* Icons */,
				DBA3A2C81E4AB0BB0016F8E1 /* Models */,
				DBA3A2CA1E4AB0BB0016F8E1 /* Utils */,
				DBA3A2CC1E4AB0BB0016F8E1 /* Widgets */,
			);
			name = Classes;
			path = IconMakeIt/Classes;
			sourceTree = "<group>";
		};
		DBA97A361E4A94E6007CEED9 /* Controllers */ = {
			isa = PBXGroup;
			children = (
				DBA97A371E4A94E6007CEED9 /* List */,
				DBA3A2921E4AAD980016F8E1 /* Detail */,
				DBA3A28F1E4AAD980016F8E1 /* ColorPicker */,
				DBA3A2951E4AAD980016F8E1 /* FixesSetting */,
				DBA3A2981E4AAD980016F8E1 /* GoogleDrive */,
				DBA3A29B1E4AAD990016F8E1 /* Setting */,
				DBA3A29E1E4AAD990016F8E1 /* Tutorial */,
				DBA3A2A11E4AAD990016F8E1 /* Web */,
			);
			path = Controllers;
			sourceTree = "<group>";
		};
		DBA97A371E4A94E6007CEED9 /* List */ = {
			isa = PBXGroup;
			children = (
				DBA97A381E4A94E6007CEED9 /* List.storyboard */,
				DBA97A391E4A94E6007CEED9 /* ListViewController.swift */,
			);
			path = List;
			sourceTree = "<group>";
		};
/* End PBXGroup section */

/* Begin PBXNativeTarget section */
		DBA97A1C1E4A90FC007CEED9 /* IconMakeIt */ = {
			isa = PBXNativeTarget;
			buildConfigurationList = DBA97A2F1E4A90FD007CEED9 /* Build configuration list for PBXNativeTarget "IconMakeIt" */;
			buildPhases = (
				FEF0452D8F5B86768CEF8207 /* [CP] Check Pods Manifest.lock */,
				DBA97A191E4A90FC007CEED9 /* Sources */,
				DBA97A1A1E4A90FC007CEED9 /* Frameworks */,
				DBA97A1B1E4A90FC007CEED9 /* Resources */,
				B1B2D05DC591AC12E72C6366 /* [CP] Embed Pods Frameworks */,
				A13AA48935F35ABD09BF79B2 /* [CP] Copy Pods Resources */,
			);
			buildRules = (
			);
			dependencies = (
			);
			name = IconMakeIt;
			productName = IconMakeIt;
			productReference = DBA97A1D1E4A90FD007CEED9 /* IconMakeIt.app */;
			productType = "com.apple.product-type.application";
		};
/* End PBXNativeTarget section */

/* Begin PBXProject section */
		DBA97A151E4A90FC007CEED9 /* Project object */ = {
			isa = PBXProject;
			attributes = {
				LastSwiftUpdateCheck = 0820;
				LastUpgradeCheck = 0820;
				ORGANIZATIONNAME = "yuichi.nakayasu@gmail.com";
				TargetAttributes = {
					DBA97A1C1E4A90FC007CEED9 = {
						CreatedOnToolsVersion = 8.2.1;
						DevelopmentTeam = F5GAB67SL8;
						ProvisioningStyle = Automatic;
					};
				};
			};
			buildConfigurationList = DBA97A181E4A90FC007CEED9 /* Build configuration list for PBXProject "IconMakeIt" */;
			compatibilityVersion = "Xcode 3.2";
			developmentRegion = English;
			hasScannedForEncodings = 0;
			knownRegions = (
				en,
				Base,
			);
			mainGroup = DBA97A141E4A90FC007CEED9;
			productRefGroup = DBA97A1E1E4A90FD007CEED9 /* Products */;
			projectDirPath = "";
			projectRoot = "";
			targets = (
				DBA97A1C1E4A90FC007CEED9 /* IconMakeIt */,
			);
		};
/* End PBXProject section */

/* Begin PBXResourcesBuildPhase section */
		DBA97A1B1E4A90FC007CEED9 /* Resources */ = {
			isa = PBXResourcesBuildPhase;
			buildActionMask = 2147483647;
			files = (
				DBA3A2B01E4AAD990016F8E1 /* Web.storyboard in Resources */,
				DBA3A2AE1E4AAD990016F8E1 /* Tutorial.storyboard in Resources */,
				DBA97A2B1E4A90FD007CEED9 /* LaunchScreen.storyboard in Resources */,
				DBA97A281E4A90FD007CEED9 /* Assets.xcassets in Resources */,
				DBA97A421E4A94E6007CEED9 /* List.storyboard in Resources */,
				DBA3A2A41E4AAD990016F8E1 /* ColorPicker.storyboard in Resources */,
				DBA3A2AA1E4AAD990016F8E1 /* GoogleDrive.storyboard in Resources */,
				DBA3A2AC1E4AAD990016F8E1 /* Setting.storyboard in Resources */,
				DBA97A261E4A90FD007CEED9 /* Main.storyboard in Resources */,
				DBA3A2A61E4AAD990016F8E1 /* Detail.storyboard in Resources */,
				DBA3A2A81E4AAD990016F8E1 /* FixesSetting.storyboard in Resources */,
			);
			runOnlyForDeploymentPostprocessing = 0;
		};
/* End PBXResourcesBuildPhase section */

/* Begin PBXShellScriptBuildPhase section */
		A13AA48935F35ABD09BF79B2 /* [CP] Copy Pods Resources */ = {
			isa = PBXShellScriptBuildPhase;
			buildActionMask = 2147483647;
			files = (
			);
			inputPaths = (
			);
			name = "[CP] Copy Pods Resources";
			outputPaths = (
			);
			runOnlyForDeploymentPostprocessing = 0;
			shellPath = /bin/sh;
			shellScript = "\"${SRCROOT}/Pods/Target Support Files/Pods-IconMakeIt/Pods-IconMakeIt-resources.sh\"\n";
			showEnvVarsInLog = 0;
		};
		B1B2D05DC591AC12E72C6366 /* [CP] Embed Pods Frameworks */ = {
			isa = PBXShellScriptBuildPhase;
			buildActionMask = 2147483647;
			files = (
			);
			inputPaths = (
			);
			name = "[CP] Embed Pods Frameworks";
			outputPaths = (
			);
			runOnlyForDeploymentPostprocessing = 0;
			shellPath = /bin/sh;
			shellScript = "\"${SRCROOT}/Pods/Target Support Files/Pods-IconMakeIt/Pods-IconMakeIt-frameworks.sh\"\n";
			showEnvVarsInLog = 0;
		};
		FEF0452D8F5B86768CEF8207 /* [CP] Check Pods Manifest.lock */ = {
			isa = PBXShellScriptBuildPhase;
			buildActionMask = 2147483647;
			files = (
			);
			inputPaths = (
			);
			name = "[CP] Check Pods Manifest.lock";
			outputPaths = (
			);
			runOnlyForDeploymentPostprocessing = 0;
			shellPath = /bin/sh;
			shellScript = "diff \"${PODS_ROOT}/../Podfile.lock\" \"${PODS_ROOT}/Manifest.lock\" > /dev/null\nif [ $? != 0 ] ; then\n    # print error to STDERR\n    echo \"error: The sandbox is not in sync with the Podfile.lock. Run 'pod install' or update your CocoaPods installation.\" >&2\n    exit 1\nfi\n";
			showEnvVarsInLog = 0;
		};
/* End PBXShellScriptBuildPhase section */

/* Begin PBXSourcesBuildPhase section */
		DBA97A191E4A90FC007CEED9 /* Sources */ = {
			isa = PBXSourcesBuildPhase;
			buildActionMask = 2147483647;
			files = (
				DBA3A2D01E4AB0BB0016F8E1 /* IconFontSetGoogleMaterialDesign.swift in Sources */,
				DBA3A2AB1E4AAD990016F8E1 /* GoogleDriveViewController.swift in Sources */,
				DBA3A2B11E4AAD990016F8E1 /* WebViewController.swift in Sources */,
				DBA3A2A51E4AAD990016F8E1 /* ColorPickerViewController.swift in Sources */,
				DBA3A2AF1E4AAD990016F8E1 /* TutorialViewController.swift in Sources */,
				DBA3A2D21E4AB0BB0016F8E1 /* Hud.swift in Sources */,
				DBA97A3F1E4A94E6007CEED9 /* App.swift in Sources */,
				DBA3A2A91E4AAD990016F8E1 /* FixesSettingViewController.swift in Sources */,
				DBA97A401E4A94E6007CEED9 /* AppDelegate.swift in Sources */,
				DBA3A2AD1E4AAD990016F8E1 /* SettingViewController.swift in Sources */,
				DBA3A2A71E4AAD990016F8E1 /* DetailViewController.swift in Sources */,
				DBA3A2D31E4AB0BB0016F8E1 /* SliderView.swift in Sources */,
				DBA3A2D11E4AB0BB0016F8E1 /* IconFont.swift in Sources */,
				DBA3A2CE1E4AB0BB0016F8E1 /* GoogleAPI.swift in Sources */,
				DBA3A2CF1E4AB0BB0016F8E1 /* GoogleDrive.swift in Sources */,
				DBA97A411E4A94E6007CEED9 /* BootstrapViewController.swift in Sources */,
				DBA97A431E4A94E6007CEED9 /* ListViewController.swift in Sources */,
			);
			runOnlyForDeploymentPostprocessing = 0;
		};
/* End PBXSourcesBuildPhase section */

/* Begin PBXVariantGroup section */
		DBA97A241E4A90FD007CEED9 /* Main.storyboard */ = {
			isa = PBXVariantGroup;
			children = (
				DBA97A251E4A90FD007CEED9 /* Base */,
			);
			name = Main.storyboard;
			sourceTree = "<group>";
		};
		DBA97A291E4A90FD007CEED9 /* LaunchScreen.storyboard */ = {
			isa = PBXVariantGroup;
			children = (
				DBA97A2A1E4A90FD007CEED9 /* Base */,
			);
			name = LaunchScreen.storyboard;
			sourceTree = "<group>";
		};
/* End PBXVariantGroup section */

/* Begin XCBuildConfiguration section */
		DBA97A2D1E4A90FD007CEED9 /* Debug */ = {
			isa = XCBuildConfiguration;
			buildSettings = {
				ALWAYS_SEARCH_USER_PATHS = NO;
				CLANG_ANALYZER_NONNULL = YES;
				CLANG_CXX_LANGUAGE_STANDARD = "gnu++0x";
				CLANG_CXX_LIBRARY = "libc++";
				CLANG_ENABLE_MODULES = YES;
				CLANG_ENABLE_OBJC_ARC = YES;
				CLANG_WARN_BOOL_CONVERSION = YES;
				CLANG_WARN_CONSTANT_CONVERSION = YES;
				CLANG_WARN_DIRECT_OBJC_ISA_USAGE = YES_ERROR;
				CLANG_WARN_DOCUMENTATION_COMMENTS = YES;
				CLANG_WARN_EMPTY_BODY = YES;
				CLANG_WARN_ENUM_CONVERSION = YES;
				CLANG_WARN_INFINITE_RECURSION = YES;
				CLANG_WARN_INT_CONVERSION = YES;
				CLANG_WARN_OBJC_ROOT_CLASS = YES_ERROR;
				CLANG_WARN_SUSPICIOUS_MOVE = YES;
				CLANG_WARN_UNREACHABLE_CODE = YES;
				CLANG_WARN__DUPLICATE_METHOD_MATCH = YES;
				"CODE_SIGN_IDENTITY[sdk=iphoneos*]" = "iPhone Developer";
				COPY_PHASE_STRIP = NO;
				DEBUG_INFORMATION_FORMAT = dwarf;
				ENABLE_STRICT_OBJC_MSGSEND = YES;
				ENABLE_TESTABILITY = YES;
				GCC_C_LANGUAGE_STANDARD = gnu99;
				GCC_DYNAMIC_NO_PIC = NO;
				GCC_NO_COMMON_BLOCKS = YES;
				GCC_OPTIMIZATION_LEVEL = 0;
				GCC_PREPROCESSOR_DEFINITIONS = (
					"DEBUG=1",
					"$(inherited)",
				);
				GCC_WARN_64_TO_32_BIT_CONVERSION = YES;
				GCC_WARN_ABOUT_RETURN_TYPE = YES_ERROR;
				GCC_WARN_UNDECLARED_SELECTOR = YES;
				GCC_WARN_UNINITIALIZED_AUTOS = YES_AGGRESSIVE;
				GCC_WARN_UNUSED_FUNCTION = YES;
				GCC_WARN_UNUSED_VARIABLE = YES;
				IPHONEOS_DEPLOYMENT_TARGET = 10.2;
				MTL_ENABLE_DEBUG_INFO = YES;
				ONLY_ACTIVE_ARCH = YES;
				SDKROOT = iphoneos;
				SWIFT_ACTIVE_COMPILATION_CONDITIONS = DEBUG;
				SWIFT_OPTIMIZATION_LEVEL = "-Onone";
			};
			name = Debug;
		};
		DBA97A2E1E4A90FD007CEED9 /* Release */ = {
			isa = XCBuildConfiguration;
			buildSettings = {
				ALWAYS_SEARCH_USER_PATHS = NO;
				CLANG_ANALYZER_NONNULL = YES;
				CLANG_CXX_LANGUAGE_STANDARD = "gnu++0x";
				CLANG_CXX_LIBRARY = "libc++";
				CLANG_ENABLE_MODULES = YES;
				CLANG_ENABLE_OBJC_ARC = YES;
				CLANG_WARN_BOOL_CONVERSION = YES;
				CLANG_WARN_CONSTANT_CONVERSION = YES;
				CLANG_WARN_DIRECT_OBJC_ISA_USAGE = YES_ERROR;
				CLANG_WARN_DOCUMENTATION_COMMENTS = YES;
				CLANG_WARN_EMPTY_BODY = YES;
				CLANG_WARN_ENUM_CONVERSION = YES;
				CLANG_WARN_INFINITE_RECURSION = YES;
				CLANG_WARN_INT_CONVERSION = YES;
				CLANG_WARN_OBJC_ROOT_CLASS = YES_ERROR;
				CLANG_WARN_SUSPICIOUS_MOVE = YES;
				CLANG_WARN_UNREACHABLE_CODE = YES;
				CLANG_WARN__DUPLICATE_METHOD_MATCH = YES;
				"CODE_SIGN_IDENTITY[sdk=iphoneos*]" = "iPhone Developer";
				COPY_PHASE_STRIP = NO;
				DEBUG_INFORMATION_FORMAT = "dwarf-with-dsym";
				ENABLE_NS_ASSERTIONS = NO;
				ENABLE_STRICT_OBJC_MSGSEND = YES;
				GCC_C_LANGUAGE_STANDARD = gnu99;
				GCC_NO_COMMON_BLOCKS = YES;
				GCC_WARN_64_TO_32_BIT_CONVERSION = YES;
				GCC_WARN_ABOUT_RETURN_TYPE = YES_ERROR;
				GCC_WARN_UNDECLARED_SELECTOR = YES;
				GCC_WARN_UNINITIALIZED_AUTOS = YES_AGGRESSIVE;
				GCC_WARN_UNUSED_FUNCTION = YES;
				GCC_WARN_UNUSED_VARIABLE = YES;
				IPHONEOS_DEPLOYMENT_TARGET = 10.2;
				MTL_ENABLE_DEBUG_INFO = NO;
				SDKROOT = iphoneos;
				SWIFT_OPTIMIZATION_LEVEL = "-Owholemodule";
				VALIDATE_PRODUCT = YES;
			};
			name = Release;
		};
		DBA97A301E4A90FD007CEED9 /* Debug */ = {
			isa = XCBuildConfiguration;
			baseConfigurationReference = B1D857A2968FECAD336B0F02 /* Pods-IconMakeIt.debug.xcconfig */;
			buildSettings = {
				ASSETCATALOG_COMPILER_APPICON_NAME = AppIcon;
				DEVELOPMENT_TEAM = F5GAB67SL8;
				INFOPLIST_FILE = IconMakeIt/Info.plist;
				LD_RUNPATH_SEARCH_PATHS = "$(inherited) @executable_path/Frameworks";
				PRODUCT_BUNDLE_IDENTIFIER = com.neroblu.ios.IconMakeIt;
				PRODUCT_NAME = "$(TARGET_NAME)";
				SWIFT_VERSION = 3.0;
			};
			name = Debug;
		};
		DBA97A311E4A90FD007CEED9 /* Release */ = {
			isa = XCBuildConfiguration;
			baseConfigurationReference = D3EA529A903E0FBE5B749005 /* Pods-IconMakeIt.release.xcconfig */;
			buildSettings = {
				ASSETCATALOG_COMPILER_APPICON_NAME = AppIcon;
				DEVELOPMENT_TEAM = F5GAB67SL8;
				INFOPLIST_FILE = IconMakeIt/Info.plist;
				LD_RUNPATH_SEARCH_PATHS = "$(inherited) @executable_path/Frameworks";
				PRODUCT_BUNDLE_IDENTIFIER = com.neroblu.ios.IconMakeIt;
				PRODUCT_NAME = "$(TARGET_NAME)";
				SWIFT_VERSION = 3.0;
			};
			name = Release;
		};
/* End XCBuildConfiguration section */

/* Begin XCConfigurationList section */
		DBA97A181E4A90FC007CEED9 /* Build configuration list for PBXProject "IconMakeIt" */ = {
			isa = XCConfigurationList;
			buildConfigurations = (
				DBA97A2D1E4A90FD007CEED9 /* Debug */,
				DBA97A2E1E4A90FD007CEED9 /* Release */,
			);
			defaultConfigurationIsVisible = 0;
			defaultConfigurationName = Release;
		};
		DBA97A2F1E4A90FD007CEED9 /* Build configuration list for PBXNativeTarget "IconMakeIt" */ = {
			isa = XCConfigurationList;
			buildConfigurations = (
				DBA97A301E4A90FD007CEED9 /* Debug */,
				DBA97A311E4A90FD007CEED9 /* Release */,
			);
			defaultConfigurationIsVisible = 0;
			defaultConfigurationName = Release;
		};
/* End XCConfigurationList section */
	};
	rootObject = DBA97A151E4A90FC007CEED9 /* Project object */;
}
